
Microsoft Visual Studio Solution File, Format Version 12.00
# Visual Studio 2012
Project("{FAE04EC0-301F-11D3-BF4B-00C04F79EFBC}") = "Assasins", "Assasins\Assasins\Assasins.csproj", "{90B4D871-9A33-4BBE-94D7-409B076FC7E2}"
EndProject
Project("{96E2B04D-8817-42C6-938A-82C39BA4D311}") = "AssasinsContent", "Assasins\AssasinsContent\AssasinsContent.contentproj", "{FA33684E-6E4B-49F1-8539-428C54BF4C63}"
EndProject
Project("{2150E333-8FDC-42A3-9474-1A3956D46DE8}") = "Solution Items", "Solution Items", "{D6D2AA12-498E-4BFB-9129-AF02935A31C1}"
EndProject
Global
	GlobalSection(SolutionConfigurationPlatforms) = preSolution
		Debug|x86 = Debug|x86
		Release|x86 = Release|x86
	EndGlobalSection
	GlobalSection(ProjectConfigurationPlatforms) = postSolution
		{90B4D871-9A33-4BBE-94D7-409B076FC7E2}.Debug|x86.ActiveCfg = Debug|x86
		{90B4D871-9A33-4BBE-94D7-409B076FC7E2}.Debug|x86.Build.0 = Debug|x86
		{90B4D871-9A33-4BBE-94D7-409B076FC7E2}.Release|x86.ActiveCfg = Release|x86
		{90B4D871-9A33-4BBE-94D7-409B076FC7E2}.Release|x86.Build.0 = Release|x86
		{FA33684E-6E4B-49F1-8539-428C54BF4C63}.Debug|x86.ActiveCfg = Debug|x86
		{FA33684E-6E4B-49F1-8539-428C54BF4C63}.Release|x86.ActiveCfg = Release|x86
	EndGlobalSection
	GlobalSection(SolutionProperties) = preSolution
		HideSolutionNode = FALSE
	EndGlobalSection
EndGlobal
